
Microsoft Visual Studio Solution File, Format Version 12.00
# Visual Studio Version 16
VisualStudioVersion = 16.0.30907.101
MinimumVisualStudioVersion = 10.0.40219.1
Project("{FAE04EC0-301F-11D3-BF4B-00C04F79EFBC}") = "Dart_PD4", "Dart_PD4\Dart_PD4.csproj", "{822E7E79-2D65-48FB-A2E9-B87221FDF756}"
EndProject
Global
	GlobalSection(SolutionConfigurationPlatforms) = preSolution
		Debug|Any CPU = Debug|Any CPU
		Release|Any CPU = Release|Any CPU
	EndGlobalSection
	GlobalSection(ProjectConfigurationPlatforms) = postSolution
		{822E7E79-2D65-48FB-A2E9-B87221FDF756}.Debug|Any CPU.ActiveCfg = Debug|Any CPU
		{822E7E79-2D65-48FB-A2E9-B87221FDF756}.Debug|Any CPU.Build.0 = Debug|Any CPU
		{822E7E79-2D65-48FB-A2E9-B87221FDF756}.Release|Any CPU.ActiveCfg = Release|Any CPU
		{822E7E79-2D65-48FB-A2E9-B87221FDF756}.Release|Any CPU.Build.0 = Release|Any CPU
	EndGlobalSection
	GlobalSection(SolutionProperties) = preSolution
		HideSolutionNode = FALSE
	EndGlobalSection
	GlobalSection(ExtensibilityGlobals) = postSolution
		SolutionGuid = {3011B1AE-478A-4560-A9DA-FB81E063824F}
	EndGlobalSection
EndGlobal
